
Microsoft Visual Studio Solution File, Format Version 12.00
# Visual Studio 15
VisualStudioVersion = 15.0.28010.2016
MinimumVisualStudioVersion = 10.0.40219.1
Project("{8BC9CEB8-8B4A-11D0-8D11-00A0C91BC942}") = "Unit testing", "Unit testing\Unit testing.vcxproj", "{A3CCE39F-BF4D-4850-BB7A-6753B9521C2E}"
EndProject
Project("{8BC9CEB8-8B4A-11D0-8D11-00A0C91BC942}") = "UnitTester", "UnitTester\UnitTester.vcxproj", "{B7CDECFB-594D-43A9-9F5E-7312C676955C}"
EndProject
Project("{8BC9CEB8-8B4A-11D0-8D11-00A0C91BC942}") = "UnitTesterSquare", "UnitTesterSquare\UnitTesterSquare.vcxproj", "{60D0D823-D831-4160-9094-7A8ABF980D57}"
EndProject
Global
	GlobalSection(SolutionConfigurationPlatforms) = preSolution
		Debug|x64 = Debug|x64
		Debug|x86 = Debug|x86
		Release|x64 = Release|x64
		Release|x86 = Release|x86
	EndGlobalSection
	GlobalSection(ProjectConfigurationPlatforms) = postSolution
		{A3CCE39F-BF4D-4850-BB7A-6753B9521C2E}.Debug|x64.ActiveCfg = Debug|x64
		{A3CCE39F-BF4D-4850-BB7A-6753B9521C2E}.Debug|x64.Build.0 = Debug|x64
		{A3CCE39F-BF4D-4850-BB7A-6753B9521C2E}.Debug|x86.ActiveCfg = Debug|Win32
		{A3CCE39F-BF4D-4850-BB7A-6753B9521C2E}.Debug|x86.Build.0 = Debug|Win32
		{A3CCE39F-BF4D-4850-BB7A-6753B9521C2E}.Release|x64.ActiveCfg = Release|x64
		{A3CCE39F-BF4D-4850-BB7A-6753B9521C2E}.Release|x64.Build.0 = Release|x64
		{A3CCE39F-BF4D-4850-BB7A-6753B9521C2E}.Release|x86.ActiveCfg = Release|Win32
		{A3CCE39F-BF4D-4850-BB7A-6753B9521C2E}.Release|x86.Build.0 = Release|Win32
		{B7CDECFB-594D-43A9-9F5E-7312C676955C}.Debug|x64.ActiveCfg = Debug|x64
		{B7CDECFB-594D-43A9-9F5E-7312C676955C}.Debug|x64.Build.0 = Debug|x64
		{B7CDECFB-594D-43A9-9F5E-7312C676955C}.Debug|x86.ActiveCfg = Debug|Win32
		{B7CDECFB-594D-43A9-9F5E-7312C676955C}.Debug|x86.Build.0 = Debug|Win32
		{B7CDECFB-594D-43A9-9F5E-7312C676955C}.Release|x64.ActiveCfg = Release|x64
		{B7CDECFB-594D-43A9-9F5E-7312C676955C}.Release|x64.Build.0 = Release|x64
		{B7CDECFB-594D-43A9-9F5E-7312C676955C}.Release|x86.ActiveCfg = Release|Win32
		{B7CDECFB-594D-43A9-9F5E-7312C676955C}.Release|x86.Build.0 = Release|Win32
		{60D0D823-D831-4160-9094-7A8ABF980D57}.Debug|x64.ActiveCfg = Debug|x64
		{60D0D823-D831-4160-9094-7A8ABF980D57}.Debug|x64.Build.0 = Debug|x64
		{60D0D823-D831-4160-9094-7A8ABF980D57}.Debug|x86.ActiveCfg = Debug|Win32
		{60D0D823-D831-4160-9094-7A8ABF980D57}.Debug|x86.Build.0 = Debug|Win32
		{60D0D823-D831-4160-9094-7A8ABF980D57}.Release|x64.ActiveCfg = Release|x64
		{60D0D823-D831-4160-9094-7A8ABF980D57}.Release|x64.Build.0 = Release|x64
		{60D0D823-D831-4160-9094-7A8ABF980D57}.Release|x86.ActiveCfg = Release|Win32
		{60D0D823-D831-4160-9094-7A8ABF980D57}.Release|x86.Build.0 = Release|Win32
	EndGlobalSection
	GlobalSection(SolutionProperties) = preSolution
		HideSolutionNode = FALSE
	EndGlobalSection
	GlobalSection(ExtensibilityGlobals) = postSolution
		SolutionGuid = {6DF61709-8A0D-44C6-9ECF-4D362605DDC2}
	EndGlobalSection
EndGlobal
